
Microsoft Visual Studio Solution File, Format Version 12.00
# Visual Studio Version 16
VisualStudioVersion = 16.0.31624.102
MinimumVisualStudioVersion = 10.0.40219.1
Project("{FAE04EC0-301F-11D3-BF4B-00C04F79EFBC}") = "WinFormsApp6", "WinFormsApp6\WinFormsApp6.csproj", "{72F7C4E6-F047-4B22-9A98-B72B465E4AFC}"
EndProject
Global
	GlobalSection(SolutionConfigurationPlatforms) = preSolution
		Debug|Any CPU = Debug|Any CPU
		Release|Any CPU = Release|Any CPU
	EndGlobalSection
	GlobalSection(ProjectConfigurationPlatforms) = postSolution
		{72F7C4E6-F047-4B22-9A98-B72B465E4AFC}.Debug|Any CPU.ActiveCfg = Debug|Any CPU
		{72F7C4E6-F047-4B22-9A98-B72B465E4AFC}.Debug|Any CPU.Build.0 = Debug|Any CPU
		{72F7C4E6-F047-4B22-9A98-B72B465E4AFC}.Release|Any CPU.ActiveCfg = Release|Any CPU
		{72F7C4E6-F047-4B22-9A98-B72B465E4AFC}.Release|Any CPU.Build.0 = Release|Any CPU
	EndGlobalSection
	GlobalSection(SolutionProperties) = preSolution
		HideSolutionNode = FALSE
	EndGlobalSection
	GlobalSection(ExtensibilityGlobals) = postSolution
		SolutionGuid = {F3E5BE2A-3887-4F14-81C6-6CB053D7381B}
	EndGlobalSection
EndGlobal
